
Microsoft Visual Studio Solution File, Format Version 11.00
# Visual Studio 2010
Project("{FAE04EC0-301F-11D3-BF4B-00C04F79EFBC}") = "EmeccaMain", "EmeccaMain\EmeccaMain.csproj", "{03BB712C-2E64-45DC-87B3-5AB91F4ED55D}"
EndProject
Project("{FAE04EC0-301F-11D3-BF4B-00C04F79EFBC}") = "EmeccaFramework", "..\EmeccaFramework\EmeccaFramework\EmeccaFramework.csproj", "{16E18218-EE33-4922-8C02-2960E3430703}"
EndProject
Project("{FAE04EC0-301F-11D3-BF4B-00C04F79EFBC}") = "EmeccaExpress", "..\EmeccaExpress\EmeccaExpress\EmeccaExpress.csproj", "{3FED4423-423B-4435-91BE-4DE89C4C59F1}"
EndProject
Project("{FAE04EC0-301F-11D3-BF4B-00C04F79EFBC}") = "EmeccaDataAccess", "..\EmeccaDataAccess\EmeccaDataAccess\EmeccaDataAccess.csproj", "{400240B6-6EEC-4BF7-A080-36DEA9F4566B}"
EndProject
Project("{FAE04EC0-301F-11D3-BF4B-00C04F79EFBC}") = "EmeccaDicom", "..\EmeccaDicom\EmeccaDicom\EmeccaDicom.csproj", "{C261DC21-8ABC-4DC1-9DCC-70895B2E266A}"
EndProject
Global
	GlobalSection(SolutionConfigurationPlatforms) = preSolution
		Debug|Any CPU = Debug|Any CPU
		Debug|Mixed Platforms = Debug|Mixed Platforms
		Debug|x64 = Debug|x64
		Release|Any CPU = Release|Any CPU
		Release|Mixed Platforms = Release|Mixed Platforms
		Release|x64 = Release|x64
	EndGlobalSection
	GlobalSection(ProjectConfigurationPlatforms) = postSolution
		{03BB712C-2E64-45DC-87B3-5AB91F4ED55D}.Debug|Any CPU.ActiveCfg = Debug|x64
		{03BB712C-2E64-45DC-87B3-5AB91F4ED55D}.Debug|Mixed Platforms.ActiveCfg = Debug|x64
		{03BB712C-2E64-45DC-87B3-5AB91F4ED55D}.Debug|Mixed Platforms.Build.0 = Debug|x64
		{03BB712C-2E64-45DC-87B3-5AB91F4ED55D}.Debug|x64.ActiveCfg = Debug|x64
		{03BB712C-2E64-45DC-87B3-5AB91F4ED55D}.Debug|x64.Build.0 = Debug|x64
		{03BB712C-2E64-45DC-87B3-5AB91F4ED55D}.Release|Any CPU.ActiveCfg = Release|x64
		{03BB712C-2E64-45DC-87B3-5AB91F4ED55D}.Release|Mixed Platforms.ActiveCfg = Release|x64
		{03BB712C-2E64-45DC-87B3-5AB91F4ED55D}.Release|Mixed Platforms.Build.0 = Release|x64
		{03BB712C-2E64-45DC-87B3-5AB91F4ED55D}.Release|x64.ActiveCfg = Release|x64
		{03BB712C-2E64-45DC-87B3-5AB91F4ED55D}.Release|x64.Build.0 = Release|x64
		{16E18218-EE33-4922-8C02-2960E3430703}.Debug|Any CPU.ActiveCfg = Debug|Any CPU
		{16E18218-EE33-4922-8C02-2960E3430703}.Debug|Any CPU.Build.0 = Debug|Any CPU
		{16E18218-EE33-4922-8C02-2960E3430703}.Debug|Mixed Platforms.ActiveCfg = Debug|Any CPU
		{16E18218-EE33-4922-8C02-2960E3430703}.Debug|Mixed Platforms.Build.0 = Debug|Any CPU
		{16E18218-EE33-4922-8C02-2960E3430703}.Debug|x64.ActiveCfg = Debug|Any CPU
		{16E18218-EE33-4922-8C02-2960E3430703}.Release|Any CPU.ActiveCfg = Release|Any CPU
		{16E18218-EE33-4922-8C02-2960E3430703}.Release|Any CPU.Build.0 = Release|Any CPU
		{16E18218-EE33-4922-8C02-2960E3430703}.Release|Mixed Platforms.ActiveCfg = Release|Any CPU
		{16E18218-EE33-4922-8C02-2960E3430703}.Release|Mixed Platforms.Build.0 = Release|Any CPU
		{16E18218-EE33-4922-8C02-2960E3430703}.Release|x64.ActiveCfg = Release|Any CPU
		{3FED4423-423B-4435-91BE-4DE89C4C59F1}.Debug|Any CPU.ActiveCfg = Debug|x64
		{3FED4423-423B-4435-91BE-4DE89C4C59F1}.Debug|Mixed Platforms.ActiveCfg = Debug|x64
		{3FED4423-423B-4435-91BE-4DE89C4C59F1}.Debug|Mixed Platforms.Build.0 = Debug|x64
		{3FED4423-423B-4435-91BE-4DE89C4C59F1}.Debug|x64.ActiveCfg = Debug|x64
		{3FED4423-423B-4435-91BE-4DE89C4C59F1}.Debug|x64.Build.0 = Debug|x64
		{3FED4423-423B-4435-91BE-4DE89C4C59F1}.Release|Any CPU.ActiveCfg = Release|x64
		{3FED4423-423B-4435-91BE-4DE89C4C59F1}.Release|Mixed Platforms.ActiveCfg = Release|x64
		{3FED4423-423B-4435-91BE-4DE89C4C59F1}.Release|Mixed Platforms.Build.0 = Release|x64
		{3FED4423-423B-4435-91BE-4DE89C4C59F1}.Release|x64.ActiveCfg = Release|x64
		{3FED4423-423B-4435-91BE-4DE89C4C59F1}.Release|x64.Build.0 = Release|x64
		{400240B6-6EEC-4BF7-A080-36DEA9F4566B}.Debug|Any CPU.ActiveCfg = Debug|Any CPU
		{400240B6-6EEC-4BF7-A080-36DEA9F4566B}.Debug|Any CPU.Build.0 = Debug|Any CPU
		{400240B6-6EEC-4BF7-A080-36DEA9F4566B}.Debug|Mixed Platforms.ActiveCfg = Debug|Any CPU
		{400240B6-6EEC-4BF7-A080-36DEA9F4566B}.Debug|Mixed Platforms.Build.0 = Debug|Any CPU
		{400240B6-6EEC-4BF7-A080-36DEA9F4566B}.Debug|x64.ActiveCfg = Debug|Any CPU
		{400240B6-6EEC-4BF7-A080-36DEA9F4566B}.Release|Any CPU.ActiveCfg = Release|Any CPU
		{400240B6-6EEC-4BF7-A080-36DEA9F4566B}.Release|Any CPU.Build.0 = Release|Any CPU
		{400240B6-6EEC-4BF7-A080-36DEA9F4566B}.Release|Mixed Platforms.ActiveCfg = Release|Any CPU
		{400240B6-6EEC-4BF7-A080-36DEA9F4566B}.Release|Mixed Platforms.Build.0 = Release|Any CPU
		{400240B6-6EEC-4BF7-A080-36DEA9F4566B}.Release|x64.ActiveCfg = Release|Any CPU
		{C261DC21-8ABC-4DC1-9DCC-70895B2E266A}.Debug|Any CPU.ActiveCfg = Debug|Any CPU
		{C261DC21-8ABC-4DC1-9DCC-70895B2E266A}.Debug|Any CPU.Build.0 = Debug|Any CPU
		{C261DC21-8ABC-4DC1-9DCC-70895B2E266A}.Debug|Mixed Platforms.ActiveCfg = Debug|Any CPU
		{C261DC21-8ABC-4DC1-9DCC-70895B2E266A}.Debug|Mixed Platforms.Build.0 = Debug|Any CPU
		{C261DC21-8ABC-4DC1-9DCC-70895B2E266A}.Debug|x64.ActiveCfg = Debug|Any CPU
		{C261DC21-8ABC-4DC1-9DCC-70895B2E266A}.Release|Any CPU.ActiveCfg = Release|Any CPU
		{C261DC21-8ABC-4DC1-9DCC-70895B2E266A}.Release|Any CPU.Build.0 = Release|Any CPU
		{C261DC21-8ABC-4DC1-9DCC-70895B2E266A}.Release|Mixed Platforms.ActiveCfg = Release|Any CPU
		{C261DC21-8ABC-4DC1-9DCC-70895B2E266A}.Release|Mixed Platforms.Build.0 = Release|Any CPU
		{C261DC21-8ABC-4DC1-9DCC-70895B2E266A}.Release|x64.ActiveCfg = Release|Any CPU
	EndGlobalSection
	GlobalSection(SolutionProperties) = preSolution
		HideSolutionNode = FALSE
	EndGlobalSection
EndGlobal
